
Microsoft Visual Studio Solution File, Format Version 12.00
# Visual Studio Version 17
VisualStudioVersion = 17.11.35312.102
MinimumVisualStudioVersion = 10.0.40219.1
Project("{9A19103F-16F7-4668-BE54-9A1E7A4F7556}") = "#6 Thread Synchronization", "#6 Thread Synchronization\#6 Thread Synchronization.csproj", "{6E29AD4D-BDF8-4032-B60E-AA2F49504A29}"
EndProject
Project("{9A19103F-16F7-4668-BE54-9A1E7A4F7556}") = "#7 Semaphore", "#7 Semaphore\#7 Semaphore.csproj", "{80501216-7E20-43A1-9261-619FD4C04AE0}"
EndProject
Project("{9A19103F-16F7-4668-BE54-9A1E7A4F7556}") = "#1 SimpleThread", "#1 SimpleThread\#1 SimpleThread.csproj", "{0824AB30-2746-44C6-B5DB-EEC14E62B467}"
EndProject
Project("{9A19103F-16F7-4668-BE54-9A1E7A4F7556}") = "#2 BackgroundThread", "#2 BackgroundThread\#2 BackgroundThread.csproj", "{C36766E2-BBEB-43A6-B655-593F205E246A}"
EndProject
Project("{9A19103F-16F7-4668-BE54-9A1E7A4F7556}") = "#3 Locking", "#3 Locking\#3 Locking.csproj", "{B421FBBA-6532-4163-AED2-F0E7F2BF82E4}"
EndProject
Project("{9A19103F-16F7-4668-BE54-9A1E7A4F7556}") = "#4 ThreadJoin", "#4 ThreadJoin\#4 ThreadJoin.csproj", "{B0BE9091-9E7A-4D73-B0EE-82397191FC56}"
EndProject
Project("{9A19103F-16F7-4668-BE54-9A1E7A4F7556}") = "#5 ThreadState", "#5 ThreadState\#5 ThreadState.csproj", "{594DA7A1-7B51-4EF5-B47D-E0A6A43B123A}"
EndProject
Project("{9A19103F-16F7-4668-BE54-9A1E7A4F7556}") = "#8 Volatile", "#8 Volatile\#8 Volatile.csproj", "{EA9E416A-C168-443B-A94D-2DE04DCE1CDD}"
EndProject
Project("{9A19103F-16F7-4668-BE54-9A1E7A4F7556}") = "#9 Interlocked", "#9 Interlocked\#9 Interlocked.csproj", "{1B29EB12-88E0-4F5C-A938-93EE667E5C9E}"
EndProject
Project("{2150E333-8FDC-42A3-9474-1A3956D46DE8}") = "Multithread Programming", "Multithread Programming", "{EA413BE3-F41B-473C-8801-6300A5DB88E4}"
EndProject
Project("{2150E333-8FDC-42A3-9474-1A3956D46DE8}") = "Asynchronous", "Asynchronous", "{C3E10328-028E-487A-8FF2-6B8C846BE0E0}"
EndProject
Project("{9A19103F-16F7-4668-BE54-9A1E7A4F7556}") = "#1 Task", "#1 Task\#1 Task.csproj", "{83C3E1C9-BA40-409B-B0EF-AE1098AAD02E}"
EndProject
Project("{2150E333-8FDC-42A3-9474-1A3956D46DE8}") = "Parallel Tools", "Parallel Tools", "{02A53BCB-8804-4776-8900-E1BC4582B65D}"
EndProject
Project("{9A19103F-16F7-4668-BE54-9A1E7A4F7556}") = "#1 Parallel", "#1 Parallel\#1 Parallel.csproj", "{BB32091D-ECEC-4D76-BE1D-4836B1C74DB6}"
EndProject
Project("{9A19103F-16F7-4668-BE54-9A1E7A4F7556}") = "#2 CancellationToken", "#2 CancellationToken\#2 CancellationToken.csproj", "{1A8C4F46-7EF3-4EB4-A7A7-6F5202F05129}"
EndProject
Project("{FAE04EC0-301F-11D3-BF4B-00C04F79EFBC}") = "#3 ConcurrentCollections", "#3 ConcurrentCollections\#3 ConcurrentCollections.csproj", "{6EA6B531-AA57-4D76-AE2C-39FAF95DFAD8}"
EndProject
Global
	GlobalSection(SolutionConfigurationPlatforms) = preSolution
		Debug|Any CPU = Debug|Any CPU
		Release|Any CPU = Release|Any CPU
	EndGlobalSection
	GlobalSection(ProjectConfigurationPlatforms) = postSolution
		{6E29AD4D-BDF8-4032-B60E-AA2F49504A29}.Debug|Any CPU.ActiveCfg = Debug|Any CPU
		{6E29AD4D-BDF8-4032-B60E-AA2F49504A29}.Debug|Any CPU.Build.0 = Debug|Any CPU
		{6E29AD4D-BDF8-4032-B60E-AA2F49504A29}.Release|Any CPU.ActiveCfg = Release|Any CPU
		{6E29AD4D-BDF8-4032-B60E-AA2F49504A29}.Release|Any CPU.Build.0 = Release|Any CPU
		{80501216-7E20-43A1-9261-619FD4C04AE0}.Debug|Any CPU.ActiveCfg = Debug|Any CPU
		{80501216-7E20-43A1-9261-619FD4C04AE0}.Debug|Any CPU.Build.0 = Debug|Any CPU
		{80501216-7E20-43A1-9261-619FD4C04AE0}.Release|Any CPU.ActiveCfg = Release|Any CPU
		{80501216-7E20-43A1-9261-619FD4C04AE0}.Release|Any CPU.Build.0 = Release|Any CPU
		{0824AB30-2746-44C6-B5DB-EEC14E62B467}.Debug|Any CPU.ActiveCfg = Debug|Any CPU
		{0824AB30-2746-44C6-B5DB-EEC14E62B467}.Debug|Any CPU.Build.0 = Debug|Any CPU
		{0824AB30-2746-44C6-B5DB-EEC14E62B467}.Release|Any CPU.ActiveCfg = Release|Any CPU
		{0824AB30-2746-44C6-B5DB-EEC14E62B467}.Release|Any CPU.Build.0 = Release|Any CPU
		{C36766E2-BBEB-43A6-B655-593F205E246A}.Debug|Any CPU.ActiveCfg = Debug|Any CPU
		{C36766E2-BBEB-43A6-B655-593F205E246A}.Debug|Any CPU.Build.0 = Debug|Any CPU
		{C36766E2-BBEB-43A6-B655-593F205E246A}.Release|Any CPU.ActiveCfg = Release|Any CPU
		{C36766E2-BBEB-43A6-B655-593F205E246A}.Release|Any CPU.Build.0 = Release|Any CPU
		{B421FBBA-6532-4163-AED2-F0E7F2BF82E4}.Debug|Any CPU.ActiveCfg = Debug|Any CPU
		{B421FBBA-6532-4163-AED2-F0E7F2BF82E4}.Debug|Any CPU.Build.0 = Debug|Any CPU
		{B421FBBA-6532-4163-AED2-F0E7F2BF82E4}.Release|Any CPU.ActiveCfg = Release|Any CPU
		{B421FBBA-6532-4163-AED2-F0E7F2BF82E4}.Release|Any CPU.Build.0 = Release|Any CPU
		{B0BE9091-9E7A-4D73-B0EE-82397191FC56}.Debug|Any CPU.ActiveCfg = Debug|Any CPU
		{B0BE9091-9E7A-4D73-B0EE-82397191FC56}.Debug|Any CPU.Build.0 = Debug|Any CPU
		{B0BE9091-9E7A-4D73-B0EE-82397191FC56}.Release|Any CPU.ActiveCfg = Release|Any CPU
		{B0BE9091-9E7A-4D73-B0EE-82397191FC56}.Release|Any CPU.Build.0 = Release|Any CPU
		{594DA7A1-7B51-4EF5-B47D-E0A6A43B123A}.Debug|Any CPU.ActiveCfg = Debug|Any CPU
		{594DA7A1-7B51-4EF5-B47D-E0A6A43B123A}.Debug|Any CPU.Build.0 = Debug|Any CPU
		{594DA7A1-7B51-4EF5-B47D-E0A6A43B123A}.Release|Any CPU.ActiveCfg = Release|Any CPU
		{594DA7A1-7B51-4EF5-B47D-E0A6A43B123A}.Release|Any CPU.Build.0 = Release|Any CPU
		{EA9E416A-C168-443B-A94D-2DE04DCE1CDD}.Debug|Any CPU.ActiveCfg = Debug|Any CPU
		{EA9E416A-C168-443B-A94D-2DE04DCE1CDD}.Debug|Any CPU.Build.0 = Debug|Any CPU
		{EA9E416A-C168-443B-A94D-2DE04DCE1CDD}.Release|Any CPU.ActiveCfg = Release|Any CPU
		{EA9E416A-C168-443B-A94D-2DE04DCE1CDD}.Release|Any CPU.Build.0 = Release|Any CPU
		{1B29EB12-88E0-4F5C-A938-93EE667E5C9E}.Debug|Any CPU.ActiveCfg = Debug|Any CPU
		{1B29EB12-88E0-4F5C-A938-93EE667E5C9E}.Debug|Any CPU.Build.0 = Debug|Any CPU
		{1B29EB12-88E0-4F5C-A938-93EE667E5C9E}.Release|Any CPU.ActiveCfg = Release|Any CPU
		{1B29EB12-88E0-4F5C-A938-93EE667E5C9E}.Release|Any CPU.Build.0 = Release|Any CPU
		{83C3E1C9-BA40-409B-B0EF-AE1098AAD02E}.Debug|Any CPU.ActiveCfg = Debug|Any CPU
		{83C3E1C9-BA40-409B-B0EF-AE1098AAD02E}.Debug|Any CPU.Build.0 = Debug|Any CPU
		{83C3E1C9-BA40-409B-B0EF-AE1098AAD02E}.Release|Any CPU.ActiveCfg = Release|Any CPU
		{83C3E1C9-BA40-409B-B0EF-AE1098AAD02E}.Release|Any CPU.Build.0 = Release|Any CPU
		{BB32091D-ECEC-4D76-BE1D-4836B1C74DB6}.Debug|Any CPU.ActiveCfg = Debug|Any CPU
		{BB32091D-ECEC-4D76-BE1D-4836B1C74DB6}.Debug|Any CPU.Build.0 = Debug|Any CPU
		{BB32091D-ECEC-4D76-BE1D-4836B1C74DB6}.Release|Any CPU.ActiveCfg = Release|Any CPU
		{BB32091D-ECEC-4D76-BE1D-4836B1C74DB6}.Release|Any CPU.Build.0 = Release|Any CPU
		{1A8C4F46-7EF3-4EB4-A7A7-6F5202F05129}.Debug|Any CPU.ActiveCfg = Debug|Any CPU
		{1A8C4F46-7EF3-4EB4-A7A7-6F5202F05129}.Debug|Any CPU.Build.0 = Debug|Any CPU
		{1A8C4F46-7EF3-4EB4-A7A7-6F5202F05129}.Release|Any CPU.ActiveCfg = Release|Any CPU
		{1A8C4F46-7EF3-4EB4-A7A7-6F5202F05129}.Release|Any CPU.Build.0 = Release|Any CPU
		{6EA6B531-AA57-4D76-AE2C-39FAF95DFAD8}.Debug|Any CPU.ActiveCfg = Debug|Any CPU
		{6EA6B531-AA57-4D76-AE2C-39FAF95DFAD8}.Debug|Any CPU.Build.0 = Debug|Any CPU
		{6EA6B531-AA57-4D76-AE2C-39FAF95DFAD8}.Release|Any CPU.ActiveCfg = Release|Any CPU
		{6EA6B531-AA57-4D76-AE2C-39FAF95DFAD8}.Release|Any CPU.Build.0 = Release|Any CPU
	EndGlobalSection
	GlobalSection(SolutionProperties) = preSolution
		HideSolutionNode = FALSE
	EndGlobalSection
	GlobalSection(NestedProjects) = preSolution
		{6E29AD4D-BDF8-4032-B60E-AA2F49504A29} = {EA413BE3-F41B-473C-8801-6300A5DB88E4}
		{80501216-7E20-43A1-9261-619FD4C04AE0} = {EA413BE3-F41B-473C-8801-6300A5DB88E4}
		{0824AB30-2746-44C6-B5DB-EEC14E62B467} = {EA413BE3-F41B-473C-8801-6300A5DB88E4}
		{C36766E2-BBEB-43A6-B655-593F205E246A} = {EA413BE3-F41B-473C-8801-6300A5DB88E4}
		{B421FBBA-6532-4163-AED2-F0E7F2BF82E4} = {EA413BE3-F41B-473C-8801-6300A5DB88E4}
		{B0BE9091-9E7A-4D73-B0EE-82397191FC56} = {EA413BE3-F41B-473C-8801-6300A5DB88E4}
		{594DA7A1-7B51-4EF5-B47D-E0A6A43B123A} = {EA413BE3-F41B-473C-8801-6300A5DB88E4}
		{EA9E416A-C168-443B-A94D-2DE04DCE1CDD} = {EA413BE3-F41B-473C-8801-6300A5DB88E4}
		{1B29EB12-88E0-4F5C-A938-93EE667E5C9E} = {EA413BE3-F41B-473C-8801-6300A5DB88E4}
		{83C3E1C9-BA40-409B-B0EF-AE1098AAD02E} = {C3E10328-028E-487A-8FF2-6B8C846BE0E0}
		{BB32091D-ECEC-4D76-BE1D-4836B1C74DB6} = {02A53BCB-8804-4776-8900-E1BC4582B65D}
		{1A8C4F46-7EF3-4EB4-A7A7-6F5202F05129} = {C3E10328-028E-487A-8FF2-6B8C846BE0E0}
		{6EA6B531-AA57-4D76-AE2C-39FAF95DFAD8} = {C3E10328-028E-487A-8FF2-6B8C846BE0E0}
	EndGlobalSection
	GlobalSection(ExtensibilityGlobals) = postSolution
		SolutionGuid = {33850554-6938-4100-A448-9A53C1355E9C}
	EndGlobalSection
EndGlobal
