
Microsoft Visual Studio Solution File, Format Version 12.00
# Visual Studio Version 17
VisualStudioVersion = 17.11.35312.102
MinimumVisualStudioVersion = 10.0.40219.1
Project("{FAE04EC0-301F-11D3-BF4B-00C04F79EFBC}") = "SimpleThread", "SimpleThread\SimpleThread.csproj", "{74554CF5-8F13-4141-A4EE-65711CDBB2BB}"
EndProject
Project("{FAE04EC0-301F-11D3-BF4B-00C04F79EFBC}") = "BackgroundThread", "BackgroundThread\BackgroundThread.csproj", "{37807B2E-5E7A-4E45-9DB4-02D8FFDAD28F}"
EndProject
Project("{FAE04EC0-301F-11D3-BF4B-00C04F79EFBC}") = "ThreadState", "ThreadState\ThreadState.csproj", "{DF9C95CE-D742-4009-9B1C-A44F6B2651C0}"
EndProject
Project("{FAE04EC0-301F-11D3-BF4B-00C04F79EFBC}") = "Locking", "Locking\Locking.csproj", "{951C2AC9-AE61-468F-B540-87B116AC1041}"
EndProject
Project("{FAE04EC0-301F-11D3-BF4B-00C04F79EFBC}") = "ThreadJoin", "ThreadJoin\ThreadJoin.csproj", "{BBB096AC-C4E1-4DA8-B07F-B09DD2B9BB2A}"
EndProject
Global
	GlobalSection(SolutionConfigurationPlatforms) = preSolution
		Debug|Any CPU = Debug|Any CPU
		Release|Any CPU = Release|Any CPU
	EndGlobalSection
	GlobalSection(ProjectConfigurationPlatforms) = postSolution
		{74554CF5-8F13-4141-A4EE-65711CDBB2BB}.Debug|Any CPU.ActiveCfg = Debug|Any CPU
		{74554CF5-8F13-4141-A4EE-65711CDBB2BB}.Debug|Any CPU.Build.0 = Debug|Any CPU
		{74554CF5-8F13-4141-A4EE-65711CDBB2BB}.Release|Any CPU.ActiveCfg = Release|Any CPU
		{74554CF5-8F13-4141-A4EE-65711CDBB2BB}.Release|Any CPU.Build.0 = Release|Any CPU
		{37807B2E-5E7A-4E45-9DB4-02D8FFDAD28F}.Debug|Any CPU.ActiveCfg = Debug|Any CPU
		{37807B2E-5E7A-4E45-9DB4-02D8FFDAD28F}.Debug|Any CPU.Build.0 = Debug|Any CPU
		{37807B2E-5E7A-4E45-9DB4-02D8FFDAD28F}.Release|Any CPU.ActiveCfg = Release|Any CPU
		{37807B2E-5E7A-4E45-9DB4-02D8FFDAD28F}.Release|Any CPU.Build.0 = Release|Any CPU
		{DF9C95CE-D742-4009-9B1C-A44F6B2651C0}.Debug|Any CPU.ActiveCfg = Debug|Any CPU
		{DF9C95CE-D742-4009-9B1C-A44F6B2651C0}.Debug|Any CPU.Build.0 = Debug|Any CPU
		{DF9C95CE-D742-4009-9B1C-A44F6B2651C0}.Release|Any CPU.ActiveCfg = Release|Any CPU
		{DF9C95CE-D742-4009-9B1C-A44F6B2651C0}.Release|Any CPU.Build.0 = Release|Any CPU
		{951C2AC9-AE61-468F-B540-87B116AC1041}.Debug|Any CPU.ActiveCfg = Debug|Any CPU
		{951C2AC9-AE61-468F-B540-87B116AC1041}.Debug|Any CPU.Build.0 = Debug|Any CPU
		{951C2AC9-AE61-468F-B540-87B116AC1041}.Release|Any CPU.ActiveCfg = Release|Any CPU
		{951C2AC9-AE61-468F-B540-87B116AC1041}.Release|Any CPU.Build.0 = Release|Any CPU
		{BBB096AC-C4E1-4DA8-B07F-B09DD2B9BB2A}.Debug|Any CPU.ActiveCfg = Debug|Any CPU
		{BBB096AC-C4E1-4DA8-B07F-B09DD2B9BB2A}.Debug|Any CPU.Build.0 = Debug|Any CPU
		{BBB096AC-C4E1-4DA8-B07F-B09DD2B9BB2A}.Release|Any CPU.ActiveCfg = Release|Any CPU
		{BBB096AC-C4E1-4DA8-B07F-B09DD2B9BB2A}.Release|Any CPU.Build.0 = Release|Any CPU
	EndGlobalSection
	GlobalSection(SolutionProperties) = preSolution
		HideSolutionNode = FALSE
	EndGlobalSection
	GlobalSection(ExtensibilityGlobals) = postSolution
		SolutionGuid = {33850554-6938-4100-A448-9A53C1355E9C}
	EndGlobalSection
EndGlobal
