
Microsoft Visual Studio Solution File, Format Version 12.00
# Visual Studio Version 17
VisualStudioVersion = 17.11.35312.102
MinimumVisualStudioVersion = 10.0.40219.1
Project("{9A19103F-16F7-4668-BE54-9A1E7A4F7556}") = "#1 SimpleThread", "SimpleThread\#1 SimpleThread.csproj", "{74554CF5-8F13-4141-A4EE-65711CDBB2BB}"
EndProject
Project("{9A19103F-16F7-4668-BE54-9A1E7A4F7556}") = "#2 BackgroundThread", "BackgroundThread\#2 BackgroundThread.csproj", "{37807B2E-5E7A-4E45-9DB4-02D8FFDAD28F}"
EndProject
Project("{9A19103F-16F7-4668-BE54-9A1E7A4F7556}") = "#5 ThreadState", "ThreadState\#5 ThreadState.csproj", "{DF9C95CE-D742-4009-9B1C-A44F6B2651C0}"
EndProject
Project("{9A19103F-16F7-4668-BE54-9A1E7A4F7556}") = "#3 Locking", "Locking\#3 Locking.csproj", "{951C2AC9-AE61-468F-B540-87B116AC1041}"
EndProject
Project("{9A19103F-16F7-4668-BE54-9A1E7A4F7556}") = "#4 ThreadJoin", "ThreadJoin\#4 ThreadJoin.csproj", "{BBB096AC-C4E1-4DA8-B07F-B09DD2B9BB2A}"
EndProject
Project("{FAE04EC0-301F-11D3-BF4B-00C04F79EFBC}") = "#6 Thread Synchronization", "#6 Thread Synchronization\#6 Thread Synchronization.csproj", "{6E29AD4D-BDF8-4032-B60E-AA2F49504A29}"
EndProject
Global
	GlobalSection(SolutionConfigurationPlatforms) = preSolution
		Debug|Any CPU = Debug|Any CPU
		Release|Any CPU = Release|Any CPU
	EndGlobalSection
	GlobalSection(ProjectConfigurationPlatforms) = postSolution
		{74554CF5-8F13-4141-A4EE-65711CDBB2BB}.Debug|Any CPU.ActiveCfg = Debug|Any CPU
		{74554CF5-8F13-4141-A4EE-65711CDBB2BB}.Debug|Any CPU.Build.0 = Debug|Any CPU
		{74554CF5-8F13-4141-A4EE-65711CDBB2BB}.Release|Any CPU.ActiveCfg = Release|Any CPU
		{74554CF5-8F13-4141-A4EE-65711CDBB2BB}.Release|Any CPU.Build.0 = Release|Any CPU
		{37807B2E-5E7A-4E45-9DB4-02D8FFDAD28F}.Debug|Any CPU.ActiveCfg = Debug|Any CPU
		{37807B2E-5E7A-4E45-9DB4-02D8FFDAD28F}.Debug|Any CPU.Build.0 = Debug|Any CPU
		{37807B2E-5E7A-4E45-9DB4-02D8FFDAD28F}.Release|Any CPU.ActiveCfg = Release|Any CPU
		{37807B2E-5E7A-4E45-9DB4-02D8FFDAD28F}.Release|Any CPU.Build.0 = Release|Any CPU
		{DF9C95CE-D742-4009-9B1C-A44F6B2651C0}.Debug|Any CPU.ActiveCfg = Debug|Any CPU
		{DF9C95CE-D742-4009-9B1C-A44F6B2651C0}.Debug|Any CPU.Build.0 = Debug|Any CPU
		{DF9C95CE-D742-4009-9B1C-A44F6B2651C0}.Release|Any CPU.ActiveCfg = Release|Any CPU
		{DF9C95CE-D742-4009-9B1C-A44F6B2651C0}.Release|Any CPU.Build.0 = Release|Any CPU
		{951C2AC9-AE61-468F-B540-87B116AC1041}.Debug|Any CPU.ActiveCfg = Debug|Any CPU
		{951C2AC9-AE61-468F-B540-87B116AC1041}.Debug|Any CPU.Build.0 = Debug|Any CPU
		{951C2AC9-AE61-468F-B540-87B116AC1041}.Release|Any CPU.ActiveCfg = Release|Any CPU
		{951C2AC9-AE61-468F-B540-87B116AC1041}.Release|Any CPU.Build.0 = Release|Any CPU
		{BBB096AC-C4E1-4DA8-B07F-B09DD2B9BB2A}.Debug|Any CPU.ActiveCfg = Debug|Any CPU
		{BBB096AC-C4E1-4DA8-B07F-B09DD2B9BB2A}.Debug|Any CPU.Build.0 = Debug|Any CPU
		{BBB096AC-C4E1-4DA8-B07F-B09DD2B9BB2A}.Release|Any CPU.ActiveCfg = Release|Any CPU
		{BBB096AC-C4E1-4DA8-B07F-B09DD2B9BB2A}.Release|Any CPU.Build.0 = Release|Any CPU
		{6E29AD4D-BDF8-4032-B60E-AA2F49504A29}.Debug|Any CPU.ActiveCfg = Debug|Any CPU
		{6E29AD4D-BDF8-4032-B60E-AA2F49504A29}.Debug|Any CPU.Build.0 = Debug|Any CPU
		{6E29AD4D-BDF8-4032-B60E-AA2F49504A29}.Release|Any CPU.ActiveCfg = Release|Any CPU
		{6E29AD4D-BDF8-4032-B60E-AA2F49504A29}.Release|Any CPU.Build.0 = Release|Any CPU
	EndGlobalSection
	GlobalSection(SolutionProperties) = preSolution
		HideSolutionNode = FALSE
	EndGlobalSection
	GlobalSection(ExtensibilityGlobals) = postSolution
		SolutionGuid = {33850554-6938-4100-A448-9A53C1355E9C}
	EndGlobalSection
EndGlobal
